// !$*UTF8*$!
{
	archiveVersion = 1;
	classes = {
	};
	objectVersion = 55;
	objects = {

/* Begin PBXBuildFile section */
		8BF72D5428042658008FFD81 /* AppDelegate.swift in Sources */ = {isa = PBXBuildFile; fileRef = 8BF72D5328042658008FFD81 /* AppDelegate.swift */; };
		8BF72D5628042658008FFD81 /* SceneDelegate.swift in Sources */ = {isa = PBXBuildFile; fileRef = 8BF72D5528042658008FFD81 /* SceneDelegate.swift */; };
		8BF72D5828042658008FFD81 /* IntroductionViewController.swift in Sources */ = {isa = PBXBuildFile; fileRef = 8BF72D5728042658008FFD81 /* IntroductionViewController.swift */; };
		8BF72D5B28042658008FFD81 /* Main.storyboard in Resources */ = {isa = PBXBuildFile; fileRef = 8BF72D5928042658008FFD81 /* Main.storyboard */; };
		8BF72D5D28042659008FFD81 /* Assets.xcassets in Resources */ = {isa = PBXBuildFile; fileRef = 8BF72D5C28042659008FFD81 /* Assets.xcassets */; };
		8BF72D6028042659008FFD81 /* LaunchScreen.storyboard in Resources */ = {isa = PBXBuildFile; fileRef = 8BF72D5E28042659008FFD81 /* LaunchScreen.storyboard */; };
		8BF72D6B28042E85008FFD81 /* ResturantQuestionViewController.swift in Sources */ = {isa = PBXBuildFile; fileRef = 8BF72D6A28042E85008FFD81 /* ResturantQuestionViewController.swift */; };
		8BF72D6E280431B3008FFD81 /* ResultsViewController.swift in Sources */ = {isa = PBXBuildFile; fileRef = 8BF72D6D280431B3008FFD81 /* ResultsViewController.swift */; };
		8BF72D7128043264008FFD81 /* Question.swift in Sources */ = {isa = PBXBuildFile; fileRef = 8BF72D7028043264008FFD81 /* Question.swift */; };
/* End PBXBuildFile section */

/* Begin PBXFileReference section */
		8BF72D5028042658008FFD81 /* Module 8.app */ = {isa = PBXFileReference; explicitFileType = wrapper.application; includeInIndex = 0; path = "Module 8.app"; sourceTree = BUILT_PRODUCTS_DIR; };
		8BF72D5328042658008FFD81 /* AppDelegate.swift */ = {isa = PBXFileReference; lastKnownFileType = sourcecode.swift; path = AppDelegate.swift; sourceTree = "<group>"; };
		8BF72D5528042658008FFD81 /* SceneDelegate.swift */ = {isa = PBXFileReference; lastKnownFileType = sourcecode.swift; path = SceneDelegate.swift; sourceTree = "<group>"; };
		8BF72D5728042658008FFD81 /* IntroductionViewController.swift */ = {isa = PBXFileReference; lastKnownFileType = sourcecode.swift; path = IntroductionViewController.swift; sourceTree = "<group>"; };
		8BF72D5A28042658008FFD81 /* Base */ = {isa = PBXFileReference; lastKnownFileType = file.storyboard; name = Base; path = Base.lproj/Main.storyboard; sourceTree = "<group>"; };
		8BF72D5C28042659008FFD81 /* Assets.xcassets */ = {isa = PBXFileReference; lastKnownFileType = folder.assetcatalog; path = Assets.xcassets; sourceTree = "<group>"; };
		8BF72D5F28042659008FFD81 /* Base */ = {isa = PBXFileReference; lastKnownFileType = file.storyboard; name = Base; path = Base.lproj/LaunchScreen.storyboard; sourceTree = "<group>"; };
		8BF72D6128042659008FFD81 /* Info.plist */ = {isa = PBXFileReference; lastKnownFileType = text.plist.xml; path = Info.plist; sourceTree = "<group>"; };
		8BF72D6A28042E85008FFD81 /* ResturantQuestionViewController.swift */ = {isa = PBXFileReference; lastKnownFileType = sourcecode.swift; path = ResturantQuestionViewController.swift; sourceTree = "<group>"; };
		8BF72D6D280431B3008FFD81 /* ResultsViewController.swift */ = {isa = PBXFileReference; lastKnownFileType = sourcecode.swift; path = ResultsViewController.swift; sourceTree = "<group>"; };
		8BF72D7028043264008FFD81 /* Question.swift */ = {isa = PBXFileReference; lastKnownFileType = sourcecode.swift; path = Question.swift; sourceTree = "<group>"; };
/* End PBXFileReference section */

/* Begin PBXFrameworksBuildPhase section */
		8BF72D4D28042658008FFD81 /* Frameworks */ = {
			isa = PBXFrameworksBuildPhase;
			buildActionMask = 2147483647;
			files = (
			);
			runOnlyForDeploymentPostprocessing = 0;
		};
/* End PBXFrameworksBuildPhase section */

/* Begin PBXGroup section */
		8BF72D4728042658008FFD81 = {
			isa = PBXGroup;
			children = (
				8BF72D5228042658008FFD81 /* Module 8 */,
				8BF72D5128042658008FFD81 /* Products */,
			);
			sourceTree = "<group>";
		};
		8BF72D5128042658008FFD81 /* Products */ = {
			isa = PBXGroup;
			children = (
				8BF72D5028042658008FFD81 /* Module 8.app */,
			);
			name = Products;
			sourceTree = "<group>";
		};
		8BF72D5228042658008FFD81 /* Module 8 */ = {
			isa = PBXGroup;
			children = (
				8BF72D6F28043257008FFD81 /* model */,
				8BF72D6C28042E8A008FFD81 /* controllers */,
				8BF72D5328042658008FFD81 /* AppDelegate.swift */,
				8BF72D5528042658008FFD81 /* SceneDelegate.swift */,
				8BF72D5928042658008FFD81 /* Main.storyboard */,
				8BF72D5C28042659008FFD81 /* Assets.xcassets */,
				8BF72D5E28042659008FFD81 /* LaunchScreen.storyboard */,
				8BF72D6128042659008FFD81 /* Info.plist */,
			);
			path = "Module 8";
			sourceTree = "<group>";
		};
		8BF72D6C28042E8A008FFD81 /* controllers */ = {
			isa = PBXGroup;
			children = (
				8BF72D6A28042E85008FFD81 /* ResturantQuestionViewController.swift */,
				8BF72D5728042658008FFD81 /* IntroductionViewController.swift */,
				8BF72D6D280431B3008FFD81 /* ResultsViewController.swift */,
			);
			path = controllers;
			sourceTree = "<group>";
		};
		8BF72D6F28043257008FFD81 /* model */ = {
			isa = PBXGroup;
			children = (
				8BF72D7028043264008FFD81 /* Question.swift */,
			);
			path = model;
			sourceTree = "<group>";
		};
/* End PBXGroup section */

/* Begin PBXNativeTarget section */
		8BF72D4F28042658008FFD81 /* Module 8 */ = {
			isa = PBXNativeTarget;
			buildConfigurationList = 8BF72D6428042659008FFD81 /* Build configuration list for PBXNativeTarget "Module 8" */;
			buildPhases = (
				8BF72D4C28042658008FFD81 /* Sources */,
				8BF72D4D28042658008FFD81 /* Frameworks */,
				8BF72D4E28042658008FFD81 /* Resources */,
			);
			buildRules = (
			);
			dependencies = (
			);
			name = "Module 8";
			packageProductDependencies = (
			);
			productName = "Module 8";
			productReference = 8BF72D5028042658008FFD81 /* Module 8.app */;
			productType = "com.apple.product-type.application";
		};
/* End PBXNativeTarget section */

/* Begin PBXProject section */
		8BF72D4828042658008FFD81 /* Project object */ = {
			isa = PBXProject;
			attributes = {
				BuildIndependentTargetsInParallel = 1;
				LastSwiftUpdateCheck = 1330;
				LastUpgradeCheck = 1330;
				TargetAttributes = {
					8BF72D4F28042658008FFD81 = {
						CreatedOnToolsVersion = 13.3;
					};
				};
			};
			buildConfigurationList = 8BF72D4B28042658008FFD81 /* Build configuration list for PBXProject "Module 8" */;
			compatibilityVersion = "Xcode 13.0";
			developmentRegion = en;
			hasScannedForEncodings = 0;
			knownRegions = (
				en,
				Base,
			);
			mainGroup = 8BF72D4728042658008FFD81;
			packageReferences = (
			);
			productRefGroup = 8BF72D5128042658008FFD81 /* Products */;
			projectDirPath = "";
			projectRoot = "";
			targets = (
				8BF72D4F28042658008FFD81 /* Module 8 */,
			);
		};
/* End PBXProject section */

/* Begin PBXResourcesBuildPhase section */
		8BF72D4E28042658008FFD81 /* Resources */ = {
			isa = PBXResourcesBuildPhase;
			buildActionMask = 2147483647;
			files = (
				8BF72D6028042659008FFD81 /* LaunchScreen.storyboard in Resources */,
				8BF72D5D28042659008FFD81 /* Assets.xcassets in Resources */,
				8BF72D5B28042658008FFD81 /* Main.storyboard in Resources */,
			);
			runOnlyForDeploymentPostprocessing = 0;
		};
/* End PBXResourcesBuildPhase section */

/* Begin PBXSourcesBuildPhase section */
		8BF72D4C28042658008FFD81 /* Sources */ = {
			isa = PBXSourcesBuildPhase;
			buildActionMask = 2147483647;
			files = (
				8BF72D5828042658008FFD81 /* IntroductionViewController.swift in Sources */,
				8BF72D6E280431B3008FFD81 /* ResultsViewController.swift in Sources */,
				8BF72D5428042658008FFD81 /* AppDelegate.swift in Sources */,
				8BF72D7128043264008FFD81 /* Question.swift in Sources */,
				8BF72D5628042658008FFD81 /* SceneDelegate.swift in Sources */,
				8BF72D6B28042E85008FFD81 /* ResturantQuestionViewController.swift in Sources */,
			);
			runOnlyForDeploymentPostprocessing = 0;
		};
/* End PBXSourcesBuildPhase section */

/* Begin PBXVariantGroup section */
		8BF72D5928042658008FFD81 /* Main.storyboard */ = {
			isa = PBXVariantGroup;
			children = (
				8BF72D5A28042658008FFD81 /* Base */,
			);
			name = Main.storyboard;
			sourceTree = "<group>";
		};
		8BF72D5E28042659008FFD81 /* LaunchScreen.storyboard */ = {
			isa = PBXVariantGroup;
			children = (
				8BF72D5F28042659008FFD81 /* Base */,
			);
			name = LaunchScreen.storyboard;
			sourceTree = "<group>";
		};
/* End PBXVariantGroup section */

/* Begin XCBuildConfiguration section */
		8BF72D6228042659008FFD81 /* Debug */ = {
			isa = XCBuildConfiguration;
			buildSettings = {
				ALWAYS_SEARCH_USER_PATHS = NO;
				CLANG_ANALYZER_NONNULL = YES;
				CLANG_ANALYZER_NUMBER_OBJECT_CONVERSION = YES_AGGRESSIVE;
				CLANG_CXX_LANGUAGE_STANDARD = "gnu++17";
				CLANG_ENABLE_MODULES = YES;
				CLANG_ENABLE_OBJC_ARC = YES;
				CLANG_ENABLE_OBJC_WEAK = YES;
				CLANG_WARN_BLOCK_CAPTURE_AUTORELEASING = YES;
				CLANG_WARN_BOOL_CONVERSION = YES;
				CLANG_WARN_COMMA = YES;
				CLANG_WARN_CONSTANT_CONVERSION = YES;
				CLANG_WARN_DEPRECATED_OBJC_IMPLEMENTATIONS = YES;
				CLANG_WARN_DIRECT_OBJC_ISA_USAGE = YES_ERROR;
				CLANG_WARN_DOCUMENTATION_COMMENTS = YES;
				CLANG_WARN_EMPTY_BODY = YES;
				CLANG_WARN_ENUM_CONVERSION = YES;
				CLANG_WARN_INFINITE_RECURSION = YES;
				CLANG_WARN_INT_CONVERSION = YES;
				CLANG_WARN_NON_LITERAL_NULL_CONVERSION = YES;
				CLANG_WARN_OBJC_IMPLICIT_RETAIN_SELF = YES;
				CLANG_WARN_OBJC_LITERAL_CONVERSION = YES;
				CLANG_WARN_OBJC_ROOT_CLASS = YES_ERROR;
				CLANG_WARN_QUOTED_INCLUDE_IN_FRAMEWORK_HEADER = YES;
				CLANG_WARN_RANGE_LOOP_ANALYSIS = YES;
				CLANG_WARN_STRICT_PROTOTYPES = YES;
				CLANG_WARN_SUSPICIOUS_MOVE = YES;
				CLANG_WARN_UNGUARDED_AVAILABILITY = YES_AGGRESSIVE;
				CLANG_WARN_UNREACHABLE_CODE = YES;
				CLANG_WARN__DUPLICATE_METHOD_MATCH = YES;
				COPY_PHASE_STRIP = NO;
				DEBUG_INFORMATION_FORMAT = dwarf;
				ENABLE_STRICT_OBJC_MSGSEND = YES;
				ENABLE_TESTABILITY = YES;
				GCC_C_LANGUAGE_STANDARD = gnu11;
				GCC_DYNAMIC_NO_PIC = NO;
				GCC_NO_COMMON_BLOCKS = YES;
				GCC_OPTIMIZATION_LEVEL = 0;
				GCC_PREPROCESSOR_DEFINITIONS = (
					"DEBUG=1",
					"$(inherited)",
				);
				GCC_WARN_64_TO_32_BIT_CONVERSION = YES;
				GCC_WARN_ABOUT_RETURN_TYPE = YES_ERROR;
				GCC_WARN_UNDECLARED_SELECTOR = YES;
				GCC_WARN_UNINITIALIZED_AUTOS = YES_AGGRESSIVE;
				GCC_WARN_UNUSED_FUNCTION = YES;
				GCC_WARN_UNUSED_VARIABLE = YES;
				IPHONEOS_DEPLOYMENT_TARGET = 15.4;
				MTL_ENABLE_DEBUG_INFO = INCLUDE_SOURCE;
				MTL_FAST_MATH = YES;
				ONLY_ACTIVE_ARCH = YES;
				SDKROOT = iphoneos;
				SWIFT_ACTIVE_COMPILATION_CONDITIONS = DEBUG;
				SWIFT_OPTIMIZATION_LEVEL = "-Onone";
			};
			name = Debug;
		};
		8BF72D6328042659008FFD81 /* Release */ = {
			isa = XCBuildConfiguration;
			buildSettings = {
				ALWAYS_SEARCH_USER_PATHS = NO;
				CLANG_ANALYZER_NONNULL = YES;
				CLANG_ANALYZER_NUMBER_OBJECT_CONVERSION = YES_AGGRESSIVE;
				CLANG_CXX_LANGUAGE_STANDARD = "gnu++17";
				CLANG_ENABLE_MODULES = YES;
				CLANG_ENABLE_OBJC_ARC = YES;
				CLANG_ENABLE_OBJC_WEAK = YES;
				CLANG_WARN_BLOCK_CAPTURE_AUTORELEASING = YES;
				CLANG_WARN_BOOL_CONVERSION = YES;
				CLANG_WARN_COMMA = YES;
				CLANG_WARN_CONSTANT_CONVERSION = YES;
				CLANG_WARN_DEPRECATED_OBJC_IMPLEMENTATIONS = YES;
				CLANG_WARN_DIRECT_OBJC_ISA_USAGE = YES_ERROR;
				CLANG_WARN_DOCUMENTATION_COMMENTS = YES;
				CLANG_WARN_EMPTY_BODY = YES;
				CLANG_WARN_ENUM_CONVERSION = YES;
				CLANG_WARN_INFINITE_RECURSION = YES;
				CLANG_WARN_INT_CONVERSION = YES;
				CLANG_WARN_NON_LITERAL_NULL_CONVERSION = YES;
				CLANG_WARN_OBJC_IMPLICIT_RETAIN_SELF = YES;
				CLANG_WARN_OBJC_LITERAL_CONVERSION = YES;
				CLANG_WARN_OBJC_ROOT_CLASS = YES_ERROR;
				CLANG_WARN_QUOTED_INCLUDE_IN_FRAMEWORK_HEADER = YES;
				CLANG_WARN_RANGE_LOOP_ANALYSIS = YES;
				CLANG_WARN_STRICT_PROTOTYPES = YES;
				CLANG_WARN_SUSPICIOUS_MOVE = YES;
				CLANG_WARN_UNGUARDED_AVAILABILITY = YES_AGGRESSIVE;
				CLANG_WARN_UNREACHABLE_CODE = YES;
				CLANG_WARN__DUPLICATE_METHOD_MATCH = YES;
				COPY_PHASE_STRIP = NO;
				DEBUG_INFORMATION_FORMAT = "dwarf-with-dsym";
				ENABLE_NS_ASSERTIONS = NO;
				ENABLE_STRICT_OBJC_MSGSEND = YES;
				GCC_C_LANGUAGE_STANDARD = gnu11;
				GCC_NO_COMMON_BLOCKS = YES;
				GCC_WARN_64_TO_32_BIT_CONVERSION = YES;
				GCC_WARN_ABOUT_RETURN_TYPE = YES_ERROR;
				GCC_WARN_UNDECLARED_SELECTOR = YES;
				GCC_WARN_UNINITIALIZED_AUTOS = YES_AGGRESSIVE;
				GCC_WARN_UNUSED_FUNCTION = YES;
				GCC_WARN_UNUSED_VARIABLE = YES;
				IPHONEOS_DEPLOYMENT_TARGET = 15.4;
				MTL_ENABLE_DEBUG_INFO = NO;
				MTL_FAST_MATH = YES;
				SDKROOT = iphoneos;
				SWIFT_COMPILATION_MODE = wholemodule;
				SWIFT_OPTIMIZATION_LEVEL = "-O";
				VALIDATE_PRODUCT = YES;
			};
			name = Release;
		};
		8BF72D6528042659008FFD81 /* Debug */ = {
			isa = XCBuildConfiguration;
			buildSettings = {
				ASSETCATALOG_COMPILER_APPICON_NAME = AppIcon;
				ASSETCATALOG_COMPILER_GLOBAL_ACCENT_COLOR_NAME = AccentColor;
				CODE_SIGN_STYLE = Automatic;
				CURRENT_PROJECT_VERSION = 1;
				DEVELOPMENT_TEAM = 2VA9RUV2PN;
				GENERATE_INFOPLIST_FILE = YES;
				INFOPLIST_FILE = "Module 8/Info.plist";
				INFOPLIST_KEY_UIApplicationSupportsIndirectInputEvents = YES;
				INFOPLIST_KEY_UILaunchStoryboardName = LaunchScreen;
				INFOPLIST_KEY_UIMainStoryboardFile = Main;
				INFOPLIST_KEY_UISupportedInterfaceOrientations_iPad = "UIInterfaceOrientationPortrait UIInterfaceOrientationPortraitUpsideDown UIInterfaceOrientationLandscapeLeft UIInterfaceOrientationLandscapeRight";
				INFOPLIST_KEY_UISupportedInterfaceOrientations_iPhone = "UIInterfaceOrientationPortrait UIInterfaceOrientationLandscapeLeft UIInterfaceOrientationLandscapeRight";
				LD_RUNPATH_SEARCH_PATHS = (
					"$(inherited)",
					"@executable_path/Frameworks",
				);
				MARKETING_VERSION = 1.0;
				PRODUCT_BUNDLE_IDENTIFIER = "getswifty.Module-8";
				PRODUCT_NAME = "$(TARGET_NAME)";
				SWIFT_EMIT_LOC_STRINGS = YES;
				SWIFT_VERSION = 5.0;
				TARGETED_DEVICE_FAMILY = "1,2";
			};
			name = Debug;
		};
		8BF72D6628042659008FFD81 /* Release */ = {
			isa = XCBuildConfiguration;
			buildSettings = {
				ASSETCATALOG_COMPILER_APPICON_NAME = AppIcon;
				ASSETCATALOG_COMPILER_GLOBAL_ACCENT_COLOR_NAME = AccentColor;
				CODE_SIGN_STYLE = Automatic;
				CURRENT_PROJECT_VERSION = 1;
				DEVELOPMENT_TEAM = 2VA9RUV2PN;
				GENERATE_INFOPLIST_FILE = YES;
				INFOPLIST_FILE = "Module 8/Info.plist";
				INFOPLIST_KEY_UIApplicationSupportsIndirectInputEvents = YES;
				INFOPLIST_KEY_UILaunchStoryboardName = LaunchScreen;
				INFOPLIST_KEY_UIMainStoryboardFile = Main;
				INFOPLIST_KEY_UISupportedInterfaceOrientations_iPad = "UIInterfaceOrientationPortrait UIInterfaceOrientationPortraitUpsideDown UIInterfaceOrientationLandscapeLeft UIInterfaceOrientationLandscapeRight";
				INFOPLIST_KEY_UISupportedInterfaceOrientations_iPhone = "UIInterfaceOrientationPortrait UIInterfaceOrientationLandscapeLeft UIInterfaceOrientationLandscapeRight";
				LD_RUNPATH_SEARCH_PATHS = (
					"$(inherited)",
					"@executable_path/Frameworks",
				);
				MARKETING_VERSION = 1.0;
				PRODUCT_BUNDLE_IDENTIFIER = "getswifty.Module-8";
				PRODUCT_NAME = "$(TARGET_NAME)";
				SWIFT_EMIT_LOC_STRINGS = YES;
				SWIFT_VERSION = 5.0;
				TARGETED_DEVICE_FAMILY = "1,2";
			};
			name = Release;
		};
/* End XCBuildConfiguration section */

/* Begin XCConfigurationList section */
		8BF72D4B28042658008FFD81 /* Build configuration list for PBXProject "Module 8" */ = {
			isa = XCConfigurationList;
			buildConfigurations = (
				8BF72D6228042659008FFD81 /* Debug */,
				8BF72D6328042659008FFD81 /* Release */,
			);
			defaultConfigurationIsVisible = 0;
			defaultConfigurationName = Release;
		};
		8BF72D6428042659008FFD81 /* Build configuration list for PBXNativeTarget "Module 8" */ = {
			isa = XCConfigurationList;
			buildConfigurations = (
				8BF72D6528042659008FFD81 /* Debug */,
				8BF72D6628042659008FFD81 /* Release */,
			);
			defaultConfigurationIsVisible = 0;
			defaultConfigurationName = Release;
		};
/* End XCConfigurationList section */
	};
	rootObject = 8BF72D4828042658008FFD81 /* Project object */;
}
